
Microsoft Visual Studio Solution File, Format Version 12.00
# Visual Studio 15
VisualStudioVersion = 15.0.28307.329
MinimumVisualStudioVersion = 10.0.40219.1
Project("{FAE04EC0-301F-11D3-BF4B-00C04F79EFBC}") = "Ball", "Ball\Ball.csproj", "{C315FD5F-560F-4EC9-B6B0-54F5A53E54FA}"
EndProject
Project("{FAE04EC0-301F-11D3-BF4B-00C04F79EFBC}") = "Car", "Car\Car.csproj", "{A5FCAA3F-148A-43D6-83E9-1014BF64FE01}"
EndProject
Project("{FAE04EC0-301F-11D3-BF4B-00C04F79EFBC}") = "CircleCos", "CircleCos\CircleCos.csproj", "{D200230E-197C-4B88-BE84-945C0EC9DB23}"
EndProject
Project("{FAE04EC0-301F-11D3-BF4B-00C04F79EFBC}") = "Rounds", "Rounds\Rounds.csproj", "{55C46B7A-6E5F-4E06-AC2E-F0BFEB661D77}"
EndProject
Project("{FAE04EC0-301F-11D3-BF4B-00C04F79EFBC}") = "Touchball", "Touchball\Touchball.csproj", "{DA1AB0FB-F560-4A73-BD7E-9D9A78057D77}"
EndProject
Project("{FAE04EC0-301F-11D3-BF4B-00C04F79EFBC}") = "EllipseColor", "EllipseColor\EllipseColor.csproj", "{918A7478-3651-4567-9D04-F8E78069DB1D}"
EndProject
Project("{FAE04EC0-301F-11D3-BF4B-00C04F79EFBC}") = "ExampleBais", "ExampleBais\ExampleBais.csproj", "{09DB01B9-CDD5-4492-8C92-0AEB286D53A0}"
EndProject
Project("{FAE04EC0-301F-11D3-BF4B-00C04F79EFBC}") = "Ex2Bais", "Ex2Bais\Ex2Bais.csproj", "{918BC149-C7F0-463C-8FCF-81CD4CBF496C}"
EndProject
Project("{FAE04EC0-301F-11D3-BF4B-00C04F79EFBC}") = "Ex1Bais", "Ex1Bais\Ex1Bais.csproj", "{43EF0B19-F49C-4637-97D7-C72D65D89C0E}"
EndProject
Project("{FAE04EC0-301F-11D3-BF4B-00C04F79EFBC}") = "StatusBar", "StatusBar\StatusBar.csproj", "{D278C663-653B-4852-937C-FC620F367645}"
EndProject
Project("{FAE04EC0-301F-11D3-BF4B-00C04F79EFBC}") = "Calculator", "Calculator\Calculator.csproj", "{2147DCEB-5DCB-44A9-819C-3A1D6487350D}"
EndProject
Global
	GlobalSection(SolutionConfigurationPlatforms) = preSolution
		Debug|Any CPU = Debug|Any CPU
		Release|Any CPU = Release|Any CPU
	EndGlobalSection
	GlobalSection(ProjectConfigurationPlatforms) = postSolution
		{C315FD5F-560F-4EC9-B6B0-54F5A53E54FA}.Debug|Any CPU.ActiveCfg = Debug|Any CPU
		{C315FD5F-560F-4EC9-B6B0-54F5A53E54FA}.Debug|Any CPU.Build.0 = Debug|Any CPU
		{C315FD5F-560F-4EC9-B6B0-54F5A53E54FA}.Release|Any CPU.ActiveCfg = Release|Any CPU
		{C315FD5F-560F-4EC9-B6B0-54F5A53E54FA}.Release|Any CPU.Build.0 = Release|Any CPU
		{A5FCAA3F-148A-43D6-83E9-1014BF64FE01}.Debug|Any CPU.ActiveCfg = Debug|Any CPU
		{A5FCAA3F-148A-43D6-83E9-1014BF64FE01}.Debug|Any CPU.Build.0 = Debug|Any CPU
		{A5FCAA3F-148A-43D6-83E9-1014BF64FE01}.Release|Any CPU.ActiveCfg = Release|Any CPU
		{A5FCAA3F-148A-43D6-83E9-1014BF64FE01}.Release|Any CPU.Build.0 = Release|Any CPU
		{D200230E-197C-4B88-BE84-945C0EC9DB23}.Debug|Any CPU.ActiveCfg = Debug|Any CPU
		{D200230E-197C-4B88-BE84-945C0EC9DB23}.Debug|Any CPU.Build.0 = Debug|Any CPU
		{D200230E-197C-4B88-BE84-945C0EC9DB23}.Release|Any CPU.ActiveCfg = Release|Any CPU
		{D200230E-197C-4B88-BE84-945C0EC9DB23}.Release|Any CPU.Build.0 = Release|Any CPU
		{55C46B7A-6E5F-4E06-AC2E-F0BFEB661D77}.Debug|Any CPU.ActiveCfg = Debug|Any CPU
		{55C46B7A-6E5F-4E06-AC2E-F0BFEB661D77}.Debug|Any CPU.Build.0 = Debug|Any CPU
		{55C46B7A-6E5F-4E06-AC2E-F0BFEB661D77}.Release|Any CPU.ActiveCfg = Release|Any CPU
		{55C46B7A-6E5F-4E06-AC2E-F0BFEB661D77}.Release|Any CPU.Build.0 = Release|Any CPU
		{DA1AB0FB-F560-4A73-BD7E-9D9A78057D77}.Debug|Any CPU.ActiveCfg = Debug|Any CPU
		{DA1AB0FB-F560-4A73-BD7E-9D9A78057D77}.Debug|Any CPU.Build.0 = Debug|Any CPU
		{DA1AB0FB-F560-4A73-BD7E-9D9A78057D77}.Release|Any CPU.ActiveCfg = Release|Any CPU
		{DA1AB0FB-F560-4A73-BD7E-9D9A78057D77}.Release|Any CPU.Build.0 = Release|Any CPU
		{918A7478-3651-4567-9D04-F8E78069DB1D}.Debug|Any CPU.ActiveCfg = Debug|Any CPU
		{918A7478-3651-4567-9D04-F8E78069DB1D}.Debug|Any CPU.Build.0 = Debug|Any CPU
		{918A7478-3651-4567-9D04-F8E78069DB1D}.Release|Any CPU.ActiveCfg = Release|Any CPU
		{918A7478-3651-4567-9D04-F8E78069DB1D}.Release|Any CPU.Build.0 = Release|Any CPU
		{09DB01B9-CDD5-4492-8C92-0AEB286D53A0}.Debug|Any CPU.ActiveCfg = Debug|Any CPU
		{09DB01B9-CDD5-4492-8C92-0AEB286D53A0}.Debug|Any CPU.Build.0 = Debug|Any CPU
		{09DB01B9-CDD5-4492-8C92-0AEB286D53A0}.Release|Any CPU.ActiveCfg = Release|Any CPU
		{09DB01B9-CDD5-4492-8C92-0AEB286D53A0}.Release|Any CPU.Build.0 = Release|Any CPU
		{918BC149-C7F0-463C-8FCF-81CD4CBF496C}.Debug|Any CPU.ActiveCfg = Debug|Any CPU
		{918BC149-C7F0-463C-8FCF-81CD4CBF496C}.Debug|Any CPU.Build.0 = Debug|Any CPU
		{918BC149-C7F0-463C-8FCF-81CD4CBF496C}.Release|Any CPU.ActiveCfg = Release|Any CPU
		{918BC149-C7F0-463C-8FCF-81CD4CBF496C}.Release|Any CPU.Build.0 = Release|Any CPU
		{43EF0B19-F49C-4637-97D7-C72D65D89C0E}.Debug|Any CPU.ActiveCfg = Debug|Any CPU
		{43EF0B19-F49C-4637-97D7-C72D65D89C0E}.Debug|Any CPU.Build.0 = Debug|Any CPU
		{43EF0B19-F49C-4637-97D7-C72D65D89C0E}.Release|Any CPU.ActiveCfg = Release|Any CPU
		{43EF0B19-F49C-4637-97D7-C72D65D89C0E}.Release|Any CPU.Build.0 = Release|Any CPU
		{D278C663-653B-4852-937C-FC620F367645}.Debug|Any CPU.ActiveCfg = Debug|Any CPU
		{D278C663-653B-4852-937C-FC620F367645}.Debug|Any CPU.Build.0 = Debug|Any CPU
		{D278C663-653B-4852-937C-FC620F367645}.Release|Any CPU.ActiveCfg = Release|Any CPU
		{D278C663-653B-4852-937C-FC620F367645}.Release|Any CPU.Build.0 = Release|Any CPU
		{2147DCEB-5DCB-44A9-819C-3A1D6487350D}.Debug|Any CPU.ActiveCfg = Debug|Any CPU
		{2147DCEB-5DCB-44A9-819C-3A1D6487350D}.Debug|Any CPU.Build.0 = Debug|Any CPU
		{2147DCEB-5DCB-44A9-819C-3A1D6487350D}.Release|Any CPU.ActiveCfg = Release|Any CPU
		{2147DCEB-5DCB-44A9-819C-3A1D6487350D}.Release|Any CPU.Build.0 = Release|Any CPU
	EndGlobalSection
	GlobalSection(SolutionProperties) = preSolution
		HideSolutionNode = FALSE
	EndGlobalSection
	GlobalSection(ExtensibilityGlobals) = postSolution
		SolutionGuid = {61646C6B-EEC3-4AF4-9599-0E134D0C3C1D}
	EndGlobalSection
EndGlobal
