
Microsoft Visual Studio Solution File, Format Version 12.00
# Visual Studio 15
VisualStudioVersion = 15.0.28307.329
MinimumVisualStudioVersion = 10.0.40219.1
Project("{FAE04EC0-301F-11D3-BF4B-00C04F79EFBC}") = "Task 1", "Task 1\Task 1.csproj", "{3026F712-554F-4B81-A85F-CEE369FD53FA}"
EndProject
Project("{FAE04EC0-301F-11D3-BF4B-00C04F79EFBC}") = "Task 2", "Task 2\Task 2.csproj", "{B729650F-B353-4FF7-8CE5-41F0FA302F6D}"
EndProject
Global
	GlobalSection(SolutionConfigurationPlatforms) = preSolution
		Debug|Any CPU = Debug|Any CPU
		Release|Any CPU = Release|Any CPU
	EndGlobalSection
	GlobalSection(ProjectConfigurationPlatforms) = postSolution
		{3026F712-554F-4B81-A85F-CEE369FD53FA}.Debug|Any CPU.ActiveCfg = Debug|Any CPU
		{3026F712-554F-4B81-A85F-CEE369FD53FA}.Debug|Any CPU.Build.0 = Debug|Any CPU
		{3026F712-554F-4B81-A85F-CEE369FD53FA}.Release|Any CPU.ActiveCfg = Release|Any CPU
		{3026F712-554F-4B81-A85F-CEE369FD53FA}.Release|Any CPU.Build.0 = Release|Any CPU
		{B729650F-B353-4FF7-8CE5-41F0FA302F6D}.Debug|Any CPU.ActiveCfg = Debug|Any CPU
		{B729650F-B353-4FF7-8CE5-41F0FA302F6D}.Debug|Any CPU.Build.0 = Debug|Any CPU
		{B729650F-B353-4FF7-8CE5-41F0FA302F6D}.Release|Any CPU.ActiveCfg = Release|Any CPU
		{B729650F-B353-4FF7-8CE5-41F0FA302F6D}.Release|Any CPU.Build.0 = Release|Any CPU
	EndGlobalSection
	GlobalSection(SolutionProperties) = preSolution
		HideSolutionNode = FALSE
	EndGlobalSection
	GlobalSection(ExtensibilityGlobals) = postSolution
		SolutionGuid = {EB78F348-906B-42E7-A179-79EE0516A0C9}
	EndGlobalSection
EndGlobal
