
Microsoft Visual Studio Solution File, Format Version 12.00
# Visual Studio 15
VisualStudioVersion = 15.0.28307.329
MinimumVisualStudioVersion = 10.0.40219.1
Project("{FAE04EC0-301F-11D3-BF4B-00C04F79EFBC}") = "PaintApp", "PaintApp\PaintApp.csproj", "{8182A74E-7277-4A1C-B77D-36CF504EF4CD}"
EndProject
Global
	GlobalSection(SolutionConfigurationPlatforms) = preSolution
		Debug|Any CPU = Debug|Any CPU
		Release|Any CPU = Release|Any CPU
	EndGlobalSection
	GlobalSection(ProjectConfigurationPlatforms) = postSolution
		{8182A74E-7277-4A1C-B77D-36CF504EF4CD}.Debug|Any CPU.ActiveCfg = Debug|Any CPU
		{8182A74E-7277-4A1C-B77D-36CF504EF4CD}.Debug|Any CPU.Build.0 = Debug|Any CPU
		{8182A74E-7277-4A1C-B77D-36CF504EF4CD}.Release|Any CPU.ActiveCfg = Release|Any CPU
		{8182A74E-7277-4A1C-B77D-36CF504EF4CD}.Release|Any CPU.Build.0 = Release|Any CPU
	EndGlobalSection
	GlobalSection(SolutionProperties) = preSolution
		HideSolutionNode = FALSE
	EndGlobalSection
	GlobalSection(ExtensibilityGlobals) = postSolution
		SolutionGuid = {048BC4D9-B503-4D25-A983-540533FE45E6}
	EndGlobalSection
EndGlobal
