
Microsoft Visual Studio Solution File, Format Version 12.00
# Visual Studio 15
VisualStudioVersion = 15.0.28307.329
MinimumVisualStudioVersion = 10.0.40219.1
Project("{FAE04EC0-301F-11D3-BF4B-00C04F79EFBC}") = "Task 1", "Task 1\Task 1.csproj", "{90B27822-2677-4B7F-B9EB-409E36C51141}"
EndProject
Project("{FAE04EC0-301F-11D3-BF4B-00C04F79EFBC}") = "Task 2", "Task 2\Task 2.csproj", "{78C80620-3647-40F7-8D1D-25644F7DA3FC}"
EndProject
Project("{FAE04EC0-301F-11D3-BF4B-00C04F79EFBC}") = "Task 3", "Task 3\Task 3.csproj", "{24482D18-FCA3-472F-BB20-08B13BA6ACCB}"
EndProject
Global
	GlobalSection(SolutionConfigurationPlatforms) = preSolution
		Debug|Any CPU = Debug|Any CPU
		Release|Any CPU = Release|Any CPU
	EndGlobalSection
	GlobalSection(ProjectConfigurationPlatforms) = postSolution
		{90B27822-2677-4B7F-B9EB-409E36C51141}.Debug|Any CPU.ActiveCfg = Debug|Any CPU
		{90B27822-2677-4B7F-B9EB-409E36C51141}.Debug|Any CPU.Build.0 = Debug|Any CPU
		{90B27822-2677-4B7F-B9EB-409E36C51141}.Release|Any CPU.ActiveCfg = Release|Any CPU
		{90B27822-2677-4B7F-B9EB-409E36C51141}.Release|Any CPU.Build.0 = Release|Any CPU
		{78C80620-3647-40F7-8D1D-25644F7DA3FC}.Debug|Any CPU.ActiveCfg = Debug|Any CPU
		{78C80620-3647-40F7-8D1D-25644F7DA3FC}.Debug|Any CPU.Build.0 = Debug|Any CPU
		{78C80620-3647-40F7-8D1D-25644F7DA3FC}.Release|Any CPU.ActiveCfg = Release|Any CPU
		{78C80620-3647-40F7-8D1D-25644F7DA3FC}.Release|Any CPU.Build.0 = Release|Any CPU
		{24482D18-FCA3-472F-BB20-08B13BA6ACCB}.Debug|Any CPU.ActiveCfg = Debug|Any CPU
		{24482D18-FCA3-472F-BB20-08B13BA6ACCB}.Debug|Any CPU.Build.0 = Debug|Any CPU
		{24482D18-FCA3-472F-BB20-08B13BA6ACCB}.Release|Any CPU.ActiveCfg = Release|Any CPU
		{24482D18-FCA3-472F-BB20-08B13BA6ACCB}.Release|Any CPU.Build.0 = Release|Any CPU
	EndGlobalSection
	GlobalSection(SolutionProperties) = preSolution
		HideSolutionNode = FALSE
	EndGlobalSection
	GlobalSection(ExtensibilityGlobals) = postSolution
		SolutionGuid = {DD4176F5-D725-4E15-912D-61763AFDC017}
	EndGlobalSection
EndGlobal
