
Microsoft Visual Studio Solution File, Format Version 12.00
# Visual Studio 15
VisualStudioVersion = 15.0.28307.329
MinimumVisualStudioVersion = 10.0.40219.1
Project("{FAE04EC0-301F-11D3-BF4B-00C04F79EFBC}") = "Task 1", "Task 1\Task 1.csproj", "{9146B542-C889-4A23-873B-0E17C146A9B0}"
EndProject
Project("{FAE04EC0-301F-11D3-BF4B-00C04F79EFBC}") = "Task 2", "Task 2\Task 2.csproj", "{F44BBEC3-4003-41AA-AE48-0AB2132B650F}"
EndProject
Project("{FAE04EC0-301F-11D3-BF4B-00C04F79EFBC}") = "Task 3", "Task 3\Task 3.csproj", "{E4037FB0-6F75-4FC7-A03C-34617256E439}"
EndProject
Project("{FAE04EC0-301F-11D3-BF4B-00C04F79EFBC}") = "Task 4", "Task 4\Task 4.csproj", "{4D9143AE-2136-41A8-B249-E03A5457DD0D}"
EndProject
Global
	GlobalSection(SolutionConfigurationPlatforms) = preSolution
		Debug|Any CPU = Debug|Any CPU
		Release|Any CPU = Release|Any CPU
	EndGlobalSection
	GlobalSection(ProjectConfigurationPlatforms) = postSolution
		{9146B542-C889-4A23-873B-0E17C146A9B0}.Debug|Any CPU.ActiveCfg = Debug|Any CPU
		{9146B542-C889-4A23-873B-0E17C146A9B0}.Debug|Any CPU.Build.0 = Debug|Any CPU
		{9146B542-C889-4A23-873B-0E17C146A9B0}.Release|Any CPU.ActiveCfg = Release|Any CPU
		{9146B542-C889-4A23-873B-0E17C146A9B0}.Release|Any CPU.Build.0 = Release|Any CPU
		{F44BBEC3-4003-41AA-AE48-0AB2132B650F}.Debug|Any CPU.ActiveCfg = Debug|Any CPU
		{F44BBEC3-4003-41AA-AE48-0AB2132B650F}.Debug|Any CPU.Build.0 = Debug|Any CPU
		{F44BBEC3-4003-41AA-AE48-0AB2132B650F}.Release|Any CPU.ActiveCfg = Release|Any CPU
		{F44BBEC3-4003-41AA-AE48-0AB2132B650F}.Release|Any CPU.Build.0 = Release|Any CPU
		{E4037FB0-6F75-4FC7-A03C-34617256E439}.Debug|Any CPU.ActiveCfg = Debug|Any CPU
		{E4037FB0-6F75-4FC7-A03C-34617256E439}.Debug|Any CPU.Build.0 = Debug|Any CPU
		{E4037FB0-6F75-4FC7-A03C-34617256E439}.Release|Any CPU.ActiveCfg = Release|Any CPU
		{E4037FB0-6F75-4FC7-A03C-34617256E439}.Release|Any CPU.Build.0 = Release|Any CPU
		{4D9143AE-2136-41A8-B249-E03A5457DD0D}.Debug|Any CPU.ActiveCfg = Debug|Any CPU
		{4D9143AE-2136-41A8-B249-E03A5457DD0D}.Debug|Any CPU.Build.0 = Debug|Any CPU
		{4D9143AE-2136-41A8-B249-E03A5457DD0D}.Release|Any CPU.ActiveCfg = Release|Any CPU
		{4D9143AE-2136-41A8-B249-E03A5457DD0D}.Release|Any CPU.Build.0 = Release|Any CPU
	EndGlobalSection
	GlobalSection(SolutionProperties) = preSolution
		HideSolutionNode = FALSE
	EndGlobalSection
	GlobalSection(ExtensibilityGlobals) = postSolution
		SolutionGuid = {4E741532-5645-4586-BB20-567ACAE7C575}
	EndGlobalSection
EndGlobal
